
Microsoft Visual Studio Solution File, Format Version 12.00
# Visual Studio Version 17
VisualStudioVersion = 17.1.32228.430
MinimumVisualStudioVersion = 10.0.40219.1
Project("{2150E333-8FDC-42A3-9474-1A3956D46DE8}") = "0 - Services", "0 - Services", "{7A9CF1FF-4ECA-4091-8FDE-A1FBE7C32716}"
EndProject
Project("{2150E333-8FDC-42A3-9474-1A3956D46DE8}") = "1 - Application", "1 - Application", "{0FAA2B15-6AC0-4E48-A966-2732E6355402}"
EndProject
Project("{2150E333-8FDC-42A3-9474-1A3956D46DE8}") = "2 - Domain", "2 - Domain", "{9546E663-6A4D-43BC-9163-6C8D8D7CA53B}"
EndProject
Project("{2150E333-8FDC-42A3-9474-1A3956D46DE8}") = "3 - Infra", "3 - Infra", "{579B8255-E99E-4076-B99F-2892914F9452}"
EndProject
Project("{9A19103F-16F7-4668-BE54-9A1E7A4F7556}") = "DDDProject.Domain", "DDDProject.Domain\DDDProject.Domain.csproj", "{C1BD5E72-4D15-4E7C-8BF1-DC611F447556}"
EndProject
Project("{9A19103F-16F7-4668-BE54-9A1E7A4F7556}") = "DDDProject.Application", "DDDProject.Application\DDDProject.Application.csproj", "{4D802406-A09B-418A-ADD9-45EDF9354C7A}"
EndProject
Project("{9A19103F-16F7-4668-BE54-9A1E7A4F7556}") = "DDDProject.Infra.Data", "DDDProject.Infra.Data\DDDProject.Infra.Data.csproj", "{6FE83B1B-BDFE-4593-901E-18A94C95A07A}"
EndProject
Project("{9A19103F-16F7-4668-BE54-9A1E7A4F7556}") = "DDDProject.Infra.IoC", "DDDProject.Infra.IoC\DDDProject.Infra.IoC.csproj", "{6A97183C-0610-45E5-86CF-E02A2FCB6271}"
EndProject
Project("{FAE04EC0-301F-11D3-BF4B-00C04F79EFBC}") = "DDDProject.Service.Api", "DDDProject.Service.Api\DDDProject.Service.Api.csproj", "{469368AD-ADD5-4DD4-AADC-E4DF3E35CDAD}"
EndProject
Global
	GlobalSection(SolutionConfigurationPlatforms) = preSolution
		Debug|Any CPU = Debug|Any CPU
		Release|Any CPU = Release|Any CPU
	EndGlobalSection
	GlobalSection(ProjectConfigurationPlatforms) = postSolution
		{C1BD5E72-4D15-4E7C-8BF1-DC611F447556}.Debug|Any CPU.ActiveCfg = Debug|Any CPU
		{C1BD5E72-4D15-4E7C-8BF1-DC611F447556}.Debug|Any CPU.Build.0 = Debug|Any CPU
		{C1BD5E72-4D15-4E7C-8BF1-DC611F447556}.Release|Any CPU.ActiveCfg = Release|Any CPU
		{C1BD5E72-4D15-4E7C-8BF1-DC611F447556}.Release|Any CPU.Build.0 = Release|Any CPU
		{4D802406-A09B-418A-ADD9-45EDF9354C7A}.Debug|Any CPU.ActiveCfg = Debug|Any CPU
		{4D802406-A09B-418A-ADD9-45EDF9354C7A}.Debug|Any CPU.Build.0 = Debug|Any CPU
		{4D802406-A09B-418A-ADD9-45EDF9354C7A}.Release|Any CPU.ActiveCfg = Release|Any CPU
		{4D802406-A09B-418A-ADD9-45EDF9354C7A}.Release|Any CPU.Build.0 = Release|Any CPU
		{6FE83B1B-BDFE-4593-901E-18A94C95A07A}.Debug|Any CPU.ActiveCfg = Debug|Any CPU
		{6FE83B1B-BDFE-4593-901E-18A94C95A07A}.Debug|Any CPU.Build.0 = Debug|Any CPU
		{6FE83B1B-BDFE-4593-901E-18A94C95A07A}.Release|Any CPU.ActiveCfg = Release|Any CPU
		{6FE83B1B-BDFE-4593-901E-18A94C95A07A}.Release|Any CPU.Build.0 = Release|Any CPU
		{6A97183C-0610-45E5-86CF-E02A2FCB6271}.Debug|Any CPU.ActiveCfg = Debug|Any CPU
		{6A97183C-0610-45E5-86CF-E02A2FCB6271}.Debug|Any CPU.Build.0 = Debug|Any CPU
		{6A97183C-0610-45E5-86CF-E02A2FCB6271}.Release|Any CPU.ActiveCfg = Release|Any CPU
		{6A97183C-0610-45E5-86CF-E02A2FCB6271}.Release|Any CPU.Build.0 = Release|Any CPU
		{469368AD-ADD5-4DD4-AADC-E4DF3E35CDAD}.Debug|Any CPU.ActiveCfg = Debug|Any CPU
		{469368AD-ADD5-4DD4-AADC-E4DF3E35CDAD}.Debug|Any CPU.Build.0 = Debug|Any CPU
		{469368AD-ADD5-4DD4-AADC-E4DF3E35CDAD}.Release|Any CPU.ActiveCfg = Release|Any CPU
		{469368AD-ADD5-4DD4-AADC-E4DF3E35CDAD}.Release|Any CPU.Build.0 = Release|Any CPU
	EndGlobalSection
	GlobalSection(SolutionProperties) = preSolution
		HideSolutionNode = FALSE
	EndGlobalSection
	GlobalSection(NestedProjects) = preSolution
		{C1BD5E72-4D15-4E7C-8BF1-DC611F447556} = {9546E663-6A4D-43BC-9163-6C8D8D7CA53B}
		{4D802406-A09B-418A-ADD9-45EDF9354C7A} = {0FAA2B15-6AC0-4E48-A966-2732E6355402}
		{6FE83B1B-BDFE-4593-901E-18A94C95A07A} = {579B8255-E99E-4076-B99F-2892914F9452}
		{6A97183C-0610-45E5-86CF-E02A2FCB6271} = {579B8255-E99E-4076-B99F-2892914F9452}
		{469368AD-ADD5-4DD4-AADC-E4DF3E35CDAD} = {7A9CF1FF-4ECA-4091-8FDE-A1FBE7C32716}
	EndGlobalSection
	GlobalSection(ExtensibilityGlobals) = postSolution
		SolutionGuid = {4C50F6E2-869D-4D87-90E1-8FAEBB0F3B93}
	EndGlobalSection
EndGlobal
